
Microsoft Visual Studio Solution File, Format Version 12.00
# Visual Studio Version 16
VisualStudioVersion = 16.0.30503.244
MinimumVisualStudioVersion = 10.0.40219.1
Project("{FAE04EC0-301F-11D3-BF4B-00C04F79EFBC}") = "AdminLTE.Abp.AspNetCore.Mvc.UI.Theme.Basic", "AdminLTE.Abp.AspNetCore.Mvc.UI.Theme.Basic\AdminLTE.Abp.AspNetCore.Mvc.UI.Theme.Basic.csproj", "{082BF24E-D985-4E65-A65D-17A65FE633E2}"
EndProject
Global
	GlobalSection(SolutionConfigurationPlatforms) = preSolution
		Debug|Any CPU = Debug|Any CPU
		Release|Any CPU = Release|Any CPU
	EndGlobalSection
	GlobalSection(ProjectConfigurationPlatforms) = postSolution
		{082BF24E-D985-4E65-A65D-17A65FE633E2}.Debug|Any CPU.ActiveCfg = Debug|Any CPU
		{082BF24E-D985-4E65-A65D-17A65FE633E2}.Debug|Any CPU.Build.0 = Debug|Any CPU
		{082BF24E-D985-4E65-A65D-17A65FE633E2}.Release|Any CPU.ActiveCfg = Release|Any CPU
		{082BF24E-D985-4E65-A65D-17A65FE633E2}.Release|Any CPU.Build.0 = Release|Any CPU
	EndGlobalSection
	GlobalSection(SolutionProperties) = preSolution
		HideSolutionNode = FALSE
	EndGlobalSection
	GlobalSection(ExtensibilityGlobals) = postSolution
		SolutionGuid = {C3B21C1D-431D-499F-93E2-9E64E90F1115}
	EndGlobalSection
EndGlobal
